{
  "name": "clipboard-ts",
  "version": "0.0.4",
  "lockfileVersion": 3,
  "requires": true,
  "packages": {
    "": {
      "name": "clipboard-ts",
      "version": "0.0.4",
      "license": "ISC",
      "dependencies": {
        "@swc/core": "^1.3.26"
      },
      "bin": {
        "ts-paste-js": "clipboard-ts.js"
      }
    },
    "node_modules/@swc/core": {
      "version": "1.3.26",
      "resolved": "https://registry.npmjs.org/@swc/core/-/core-1.3.26.tgz",
      "integrity": "sha512-U7vEsaLn3IGg0XCRLJX/GTkK9WIfFHUX5USdrp1L2QD29sWPe25HqNndXmUR9KytzKmpDMNoUuHyiuhpVrnNeQ==",
      "hasInstallScript": true,
      "engines": {
        "node": ">=10"
      },
      "funding": {
        "type": "opencollective",
        "url": "https://opencollective.com/swc"
      },
      "optionalDependencies": {
        "@swc/core-darwin-arm64": "1.3.26",
        "@swc/core-darwin-x64": "1.3.26",
        "@swc/core-linux-arm-gnueabihf": "1.3.26",
        "@swc/core-linux-arm64-gnu": "1.3.26",
        "@swc/core-linux-arm64-musl": "1.3.26",
        "@swc/core-linux-x64-gnu": "1.3.26",
        "@swc/core-linux-x64-musl": "1.3.26",
        "@swc/core-win32-arm64-msvc": "1.3.26",
        "@swc/core-win32-ia32-msvc": "1.3.26",
        "@swc/core-win32-x64-msvc": "1.3.26"
      }
    },
    "node_modules/@swc/core-darwin-arm64": {
      "version": "1.3.26",
      "resolved": "https://registry.npmjs.org/@swc/core-darwin-arm64/-/core-darwin-arm64-1.3.26.tgz",
      "integrity": "sha512-FWWflBfKRYrUJtko2xiedC5XCa31O75IZZqnTWuLpe9g3C5tnUuF3M8LSXZS/dn6wprome1MhtG9GMPkSYkhkg==",
      "cpu": [
        "arm64"
      ],
      "optional": true,
      "os": [
        "darwin"
      ],
      "engines": {
        "node": ">=10"
      }
    },
    "node_modules/@swc/core-darwin-x64": {
      "version": "1.3.26",
      "resolved": "https://registry.npmjs.org/@swc/core-darwin-x64/-/core-darwin-x64-1.3.26.tgz",
      "integrity": "sha512-0uQeebAtsewqJ2b35aPZstGrylwd6oJjUyAJOfVJNbremFSJ5JzytB3NoDCIw7CT5UQrSRpvD3mU95gfdQjDGA==",
      "cpu": [
        "x64"
      ],
      "optional": true,
      "os": [
        "darwin"
      ],
      "engines": {
        "node": ">=10"
      }
    },
    "node_modules/@swc/core-linux-arm-gnueabihf": {
      "version": "1.3.26",
      "resolved": "https://registry.npmjs.org/@swc/core-linux-arm-gnueabihf/-/core-linux-arm-gnueabihf-1.3.26.tgz",
      "integrity": "sha512-06T+LbVFlyciQtwrUB5/a16A1ju1jFoYvd/hq9TWhf7GrtL43U7oJIgqMOPHx2j0+Ps2R3S6R/UUN5YXu618zA==",
      "cpu": [
        "arm"
      ],
      "optional": true,
      "os": [
        "linux"
      ],
      "engines": {
        "node": ">=10"
      }
    },
    "node_modules/@swc/core-linux-arm64-gnu": {
      "version": "1.3.26",
      "resolved": "https://registry.npmjs.org/@swc/core-linux-arm64-gnu/-/core-linux-arm64-gnu-1.3.26.tgz",
      "integrity": "sha512-2NT/0xALPfK+U01qIlHxjkGdIj6F0txhu1U2v6B0YP2+k0whL2gCgYeg9QUvkYEXSD5r1Yx+vcb2R/vaSCSClg==",
      "cpu": [
        "arm64"
      ],
      "optional": true,
      "os": [
        "linux"
      ],
      "engines": {
        "node": ">=10"
      }
    },
    "node_modules/@swc/core-linux-arm64-musl": {
      "version": "1.3.26",
      "resolved": "https://registry.npmjs.org/@swc/core-linux-arm64-musl/-/core-linux-arm64-musl-1.3.26.tgz",
      "integrity": "sha512-64KrTay9hC0mTvZ1AmEFmNEwV5QDjw9U7PJU5riotSc28I+Q/ZoM0qcSFW9JRRa6F2Tr+IfMtyv8+eB2//BQ5g==",
      "cpu": [
        "arm64"
      ],
      "optional": true,
      "os": [
        "linux"
      ],
      "engines": {
        "node": ">=10"
      }
    },
    "node_modules/@swc/core-linux-x64-gnu": {
      "version": "1.3.26",
      "resolved": "https://registry.npmjs.org/@swc/core-linux-x64-gnu/-/core-linux-x64-gnu-1.3.26.tgz",
      "integrity": "sha512-Te8G13l3dcRM1Mf3J4JzGUngzNXLKnMYlUmBOYN/ORsx7e+VNelR3zsTLHC0+0jGqELDgqvMyzDfk+dux/C/bQ==",
      "cpu": [
        "x64"
      ],
      "optional": true,
      "os": [
        "linux"
      ],
      "engines": {
        "node": ">=10"
      }
    },
    "node_modules/@swc/core-linux-x64-musl": {
      "version": "1.3.26",
      "resolved": "https://registry.npmjs.org/@swc/core-linux-x64-musl/-/core-linux-x64-musl-1.3.26.tgz",
      "integrity": "sha512-nqQWuSM6OTKepUiQ9+rXgERq/JiO72RBOpXKO2afYppsL96sngjIRewV74v5f6IAfyzw+k+AhC5pgRA4Xu/Jkg==",
      "cpu": [
        "x64"
      ],
      "optional": true,
      "os": [
        "linux"
      ],
      "engines": {
        "node": ">=10"
      }
    },
    "node_modules/@swc/core-win32-arm64-msvc": {
      "version": "1.3.26",
      "resolved": "https://registry.npmjs.org/@swc/core-win32-arm64-msvc/-/core-win32-arm64-msvc-1.3.26.tgz",
      "integrity": "sha512-xx34mx+9IBV1sun7sxoNFiqNom9wiOuvsQFJUyQptCnZHgYwOr9OI204LBF95dCcBCZsTm2hT1wBnySJOeimYw==",
      "cpu": [
        "arm64"
      ],
      "optional": true,
      "os": [
        "win32"
      ],
      "engines": {
        "node": ">=10"
      }
    },
    "node_modules/@swc/core-win32-ia32-msvc": {
      "version": "1.3.26",
      "resolved": "https://registry.npmjs.org/@swc/core-win32-ia32-msvc/-/core-win32-ia32-msvc-1.3.26.tgz",
      "integrity": "sha512-48LZ/HKNuU9zl8c7qG6IQKb5rBCwmJgysGOmEGzTRBYxAf/x6Scmt0aqxCoV4J02HOs2WduCBDnhUKsSQ2kcXQ==",
      "cpu": [
        "ia32"
      ],
      "optional": true,
      "os": [
        "win32"
      ],
      "engines": {
        "node": ">=10"
      }
    },
    "node_modules/@swc/core-win32-x64-msvc": {
      "version": "1.3.26",
      "resolved": "https://registry.npmjs.org/@swc/core-win32-x64-msvc/-/core-win32-x64-msvc-1.3.26.tgz",
      "integrity": "sha512-UPe7S+MezD/S6cKBIc50TduGzmw6PBz1Ms5p+5wDLOKYNS/LSEM4iRmLwvePzP5X8mOyesXrsbwxLy8KHP65Yw==",
      "cpu": [
        "x64"
      ],
      "optional": true,
      "os": [
        "win32"
      ],
      "engines": {
        "node": ">=10"
      }
    }
  }
}
